lockfileVersion: '9.0'

settings:
  autoInstallPeers: true
  excludeLinksFromLockfile: false

importers:

  .:
    dependencies:
      '@paypal/react-paypal-js':
        specifier: ^10.0.0
        version: 10.0.0(react-dom@19.2.7(react@19.2.7))(react@19.2.7)
      '@stripe/react-stripe-js':
        specifier: ^6.6.0
        version: 6.6.0(@stripe/stripe-js@9.7.0)(react-dom@19.2.7(react@19.2.7))(react@19.2.7)
      '@stripe/stripe-js':
        specifier: ^9.7.0
        version: 9.7.0
      stripe:
        specifier: ^22.2.0
        version: 22.2.0

packages:

  '@paypal/paypal-js@10.0.0':
    resolution: {integrity: sha512-IOAA8Ls7A5WXH8vV8Lbh+QTyVsQWbmqzCMvNFmGO/56D+7i5OMXhjzG2Qhz0WHSiVe+IutqJMWPX2dHJXA7Kgw==}

  '@paypal/react-paypal-js@10.0.0':
    resolution: {integrity: sha512-65ry+7rJE2sjwPGrW2pSPM8ye2pYxIFO/DpAd0QfkJ56FHc281paAHc5OTg/cZf88UUXkn7hltLDZ60CRfjIrQ==}
    peerDependencies:
      react: ^16.8.0 || ^17 || ^18 || ^19
      react-dom: ^16.8.0 || ^17 || ^18 || ^19

  '@paypal/sdk-constants@1.0.158':
    resolution: {integrity: sha512-OrX2kN4gsBl6fG1GS1ewsNk7TTqYmdtUMVaJ+wAzPhsv9M7dfni95WuJdt4pMALOo5ioZeJ05a16BUSca5IC+Q==}

  '@stripe/react-stripe-js@6.6.0':
    resolution: {integrity: sha512-utODPiu2/JGjCnh5BX1M1F2uyjCwDKum4Bo8CeWdTCNOlzM0980YadzBMe7YoIwjfu3uadX4PMe3L2SderejqA==}
    peerDependencies:
      '@stripe/stripe-js': '>=9.5.0 <10.0.0'
      react: '>=16.8.0 <20.0.0'
      react-dom: '>=16.8.0 <20.0.0'

  '@stripe/stripe-js@9.7.0':
    resolution: {integrity: sha512-r1ElolvWXM4aYnZZVHvKW3EDL8JcwEuIgTuWxlB5lvC+YsvjkQ0gX35x9d8dTDubX395fViLVqkaolVs1PmIQQ==}
    engines: {node: '>=12.16'}

  hi-base32@0.5.1:
    resolution: {integrity: sha512-EmBBpvdYh/4XxsnUybsPag6VikPYnN30td+vQk+GI3qpahVEG9+gTkG0aXVxTjBqQ5T6ijbWIu77O+C5WFWsnA==}

  js-tokens@4.0.0:
    resolution: {integrity: sha512-RdJUflcE3cUzKiMqQgsCu06FPu9UdIJO0beYbPhHN4k6apgJtifcoCtT9bcxOpYBtpD2kCM6Sbzg4CausW/PKQ==}

  loose-envify@1.4.0:
    resolution: {integrity: sha512-lyuxPGr/Wfhrlem2CL/UcnUc1zcqKAImBDzukY7Y5F/yQiNdko6+fRLevlw1HgMySw7f611UIY408EtxRSoK3Q==}
    hasBin: true

  object-assign@4.1.1:
    resolution: {integrity: sha512-rJgTQnkUnH1sFw8yT6VSU3zD3sWmu6sZhIseY8VX+GRu3P6F7Fu+JNDoXfklElbLJSnc3FUQHVe4cU5hj+BcUg==}
    engines: {node: '>=0.10.0'}

  promise-polyfill@8.3.0:
    resolution: {integrity: sha512-H5oELycFml5yto/atYqmjyigJoAo3+OXwolYiH7OfQuYlAqhxNvTfiNMbV9hsC6Yp83yE5r2KTVmtrG6R9i6Pg==}

  prop-types@15.8.1:
    resolution: {integrity: sha512-oj87CgZICdulUohogVAR7AjlC0327U4el4L6eAvOqCeudMDVU0NThNaV+b9Df4dXgSP1gXMTnPdhfe/2qDH5cg==}

  react-dom@19.2.7:
    resolution: {integrity: sha512-t0BRVXvbiE/o20Hfw669rLbMCDWtYZLvmJigy2f0MxsXF+71pxhR3xOkspmsO8h3ZlNzyibAmtCa3l4lYKk6gQ==}
    peerDependencies:
      react: ^19.2.7

  react-is@16.13.1:
    resolution: {integrity: sha512-24e6ynE2H+OKt4kqsOvNd8kBpV65zoxbA4BVsEOB3ARVWQki/DHzaUoC5KuON/BiccDaCCTZBuOcfZs70kR8bQ==}

  react@19.2.7:
    resolution: {integrity: sha512-HNe9WslTbXmFK8o8cmwgAeJFSBvt1bPdHCVKtaaV+WlAN36mpT4hcRpwbf3fY56ar2oIXzsBpOAiIRHAdY0OlQ==}
    engines: {node: '>=0.10.0'}

  scheduler@0.27.0:
    resolution: {integrity: sha512-eNv+WrVbKu1f3vbYJT/xtiF5syA5HPIMtf9IgY/nKg0sWqzAUEvqY/xm7OcZc/qafLx/iO9FgOmeSAp4v5ti/Q==}

  server-only@0.0.1:
    resolution: {integrity: sha512-qepMx2JxAa5jjfzxG79yPPq+8BuFToHd1hm7kI+Z4zAq1ftQiP7HcxMhDDItrbtwVeLg/cY2JnKnrcFkmiswNA==}

  stripe@22.2.0:
    resolution: {integrity: sha512-WFGpMOom9QZqso1kcnSwJsCdC1QHDlMoCOxBZRf3JraMzhkfw7dgSdD2a1CFZrqC+mzAfqeEtYILrZhWKIDruA==}
    engines: {node: '>=18'}
    peerDependencies:
      '@types/node': '>=18'
    peerDependenciesMeta:
      '@types/node':
        optional: true

snapshots:

  '@paypal/paypal-js@10.0.0':
    dependencies:
      promise-polyfill: 8.3.0

  '@paypal/react-paypal-js@10.0.0(react-dom@19.2.7(react@19.2.7))(react@19.2.7)':
    dependencies:
      '@paypal/paypal-js': 10.0.0
      '@paypal/sdk-constants': 1.0.158
      react: 19.2.7
      react-dom: 19.2.7(react@19.2.7)
      server-only: 0.0.1

  '@paypal/sdk-constants@1.0.158':
    dependencies:
      hi-base32: 0.5.1

  '@stripe/react-stripe-js@6.6.0(@stripe/stripe-js@9.7.0)(react-dom@19.2.7(react@19.2.7))(react@19.2.7)':
    dependencies:
      '@stripe/stripe-js': 9.7.0
      prop-types: 15.8.1
      react: 19.2.7
      react-dom: 19.2.7(react@19.2.7)

  '@stripe/stripe-js@9.7.0': {}

  hi-base32@0.5.1: {}

  js-tokens@4.0.0: {}

  loose-envify@1.4.0:
    dependencies:
      js-tokens: 4.0.0

  object-assign@4.1.1: {}

  promise-polyfill@8.3.0: {}

  prop-types@15.8.1:
    dependencies:
      loose-envify: 1.4.0
      object-assign: 4.1.1
      react-is: 16.13.1

  react-dom@19.2.7(react@19.2.7):
    dependencies:
      react: 19.2.7
      scheduler: 0.27.0

  react-is@16.13.1: {}

  react@19.2.7: {}

  scheduler@0.27.0: {}

  server-only@0.0.1: {}

  stripe@22.2.0: {}
